<Solution>
  <Project Path="Colecao/Colecao.csproj" Id="71402619-f57d-4a42-b874-236b53486cc7" />
  <Project Path="Condicao/Condicao.csproj" Id="b520c2ba-8759-404c-bdd2-222930fb2cb7" />
  <Project Path="ConsoleAppDotNet/ConsoleAppDotNet.csproj" Id="7e5f64f3-28d6-420b-8a0b-6717626c1d7a" />
  <Project Path="ConsoleAppNetFramework/ConsoleAppNetFramework.csproj" Id="f61a37fd-2ad6-4c68-b9a4-1cda6e7b7d47" />
  <Project Path="ConsoleAppTopLevel/ConsoleAppTopLevel.csproj" Id="738fb437-9fcc-4e7f-99f0-b9e933878e0d" />
  <Project Path="EntradaSaida/EntradaSaida.csproj" Id="a1dc1274-9fb5-45f3-8348-a235478f7d05" />
  <Project Path="ExercicioInverterNomes/ExercicioInverterNomes.csproj" Id="b3da4e8d-0949-47a7-93cb-8dce68308a6a" />
  <Project Path="FormsAppNetFramework/FormsAppNetFramework.csproj" Id="ede3f8f2-0a40-485f-9b8e-29e42c47345b" />
  <Project Path="OlaMundo/OlaMundo.csproj" />
  <Project Path="Variaveis/Variaveis.csproj" Id="09a9e5dc-cbba-48dd-b2b5-5dc3445b73ce" />
  <Project Path="WindowsFormsAppDotNet/WindowsFormsAppDotNet.csproj" Id="4243b0ae-be2b-4959-8d6e-7e1dfedd495f" />
</Solution>
